
Microsoft Visual Studio Solution File, Format Version 12.00
# Visual Studio Version 17
VisualStudioVersion = 17.13.35825.156
MinimumVisualStudioVersion = 10.0.40219.1
Project("{2150E333-8FDC-42A3-9474-1A3956D46DE8}") = "src", "src", "{02EA681E-C7D8-13C7-8484-4AC65E1B71E8}"
EndProject
Project("{FAE04EC0-301F-11D3-BF4B-00C04F79EFBC}") = "ServiceManagement.API", "src\ServiceManegement.API\ServiceManagement.API.csproj", "{45DCBCF2-8FFD-4ECC-B19E-5F2177946AD3}"
EndProject
Project("{FAE04EC0-301F-11D3-BF4B-00C04F79EFBC}") = "ServiceManagement.Domain", "src\ServiceManagement.Domain\ServiceManagement.Domain.csproj", "{5310EF74-DC64-4678-973A-1CE2DC98147A}"
EndProject
Global
	GlobalSection(SolutionConfigurationPlatforms) = preSolution
		Debug|Any CPU = Debug|Any CPU
		Release|Any CPU = Release|Any CPU
	EndGlobalSection
	GlobalSection(ProjectConfigurationPlatforms) = postSolution
		{45DCBCF2-8FFD-4ECC-B19E-5F2177946AD3}.Debug|Any CPU.ActiveCfg = Debug|Any CPU
		{45DCBCF2-8FFD-4ECC-B19E-5F2177946AD3}.Debug|Any CPU.Build.0 = Debug|Any CPU
		{45DCBCF2-8FFD-4ECC-B19E-5F2177946AD3}.Release|Any CPU.ActiveCfg = Release|Any CPU
		{45DCBCF2-8FFD-4ECC-B19E-5F2177946AD3}.Release|Any CPU.Build.0 = Release|Any CPU
		{5310EF74-DC64-4678-973A-1CE2DC98147A}.Debug|Any CPU.ActiveCfg = Debug|Any CPU
		{5310EF74-DC64-4678-973A-1CE2DC98147A}.Debug|Any CPU.Build.0 = Debug|Any CPU
		{5310EF74-DC64-4678-973A-1CE2DC98147A}.Release|Any CPU.ActiveCfg = Release|Any CPU
		{5310EF74-DC64-4678-973A-1CE2DC98147A}.Release|Any CPU.Build.0 = Release|Any CPU
	EndGlobalSection
	GlobalSection(SolutionProperties) = preSolution
		HideSolutionNode = FALSE
	EndGlobalSection
	GlobalSection(NestedProjects) = preSolution
		{45DCBCF2-8FFD-4ECC-B19E-5F2177946AD3} = {02EA681E-C7D8-13C7-8484-4AC65E1B71E8}
		{5310EF74-DC64-4678-973A-1CE2DC98147A} = {02EA681E-C7D8-13C7-8484-4AC65E1B71E8}
	EndGlobalSection
	GlobalSection(ExtensibilityGlobals) = postSolution
		SolutionGuid = {D348420F-634A-4E92-AC8F-22572771EDAE}
	EndGlobalSection
EndGlobal
